dependencies:
  chmorgan/esp-audio-player:
    component_hash: a19dba40c076e59baaf6383041b6feeb25135dbc5a5b8bcc6b497d8d947095c6
    dependencies:
    - name: chmorgan/esp-libhelix-mp3
      registry_url: https://components.espressif.com
      require: private
      version: '>=1.0.0,<2.0.0'
    - name: idf
      require: private
      version: '>=5.0'
    source:
      registry_url: https://components.espressif.com/
      type: service
    version: 1.1.0
  chmorgan/esp-libhelix-mp3:
    component_hash: cbb76089dc2c5749f7b470e2e70aedc44c9da519e04eb9a67d4c7ec275229e53
    dependencies:
    - name: idf
      require: private
      version: '>=4.1.0'
    source:
      registry_url: https://components.espressif.com/
      type: service
    version: 1.0.3
  espressif/cjson:
    component_hash: e788323270d90738662d66fffa910bfe1fba019bba087f01557e70c40485b469
    dependencies:
    - name: idf
      require: private
      version: '>=5.0'
    source:
      registry_url: https://components.espressif.com/
      type: service
    version: 1.7.19~2
  espressif/dl_fft:
    component_hash: ced3cf28cc70452b7859c06f4e5059215167254a2047e34c893d6f501ccd6ea2
    dependencies:
    - name: idf
      require: private
      version: '>=5.0'
    source:
      registry_url: https://components.espressif.com/
      type: service
    version: 0.4.0
  espressif/esp-dsp:
    component_hash: 12e44db246517a627bc0fe2b255b8335410c0215c98bfba2df5a8e3edea839ef
    dependencies:
    - name: idf
      require: private
      version: '>=4.2'
    source:
      registry_url: https://components.espressif.com/
      type: service
    version: 1.8.0
  espressif/esp_audio_codec:
    component_hash: af4663830bc73eca58febcc34a976d003465e78ed57458aa00a14b231e392ca1
    dependencies:
    - name: idf
      require: private
      version: '>=4.4'
    source:
      registry_url: https://components.espressif.com/
      type: service
    version: 2.4.1
  espressif/esp_lvgl_port:
    component_hash: cca194347416db5f7fbe53e3bf788266061032c6b094d0186e9c988d6e8ff218
    dependencies:
    - name: idf
      require: private
      version: '>=5.2'
    - name: lvgl/lvgl
      registry_url: https://components.espressif.com
      require: public
      version: '>=8,<10'
    source:
      registry_url: https://components.espressif.com/
      type: service
    version: 2.8.0
  espressif/esp_websocket_client:
    component_hash: 3fb288702517ef4d75bf933a115f1056ee0c2540d964f9e1d856e0bb67e1dfeb
    dependencies:
    - name: idf
      require: private
      version: '>=5.0'
    source:
      registry_url: https://components.espressif.com/
      type: service
    version: 1.7.0
  idf:
    source:
      type: idf
    version: 5.5.2
  lvgl/lvgl:
    component_hash: 184e532558c1c45fefed631f3e235423d22582aafb4630f3e8885c35281a49ae
    dependencies: []
    source:
      registry_url: https://components.espressif.com/
      type: service
    version: 9.5.0
direct_dependencies:
- chmorgan/esp-audio-player
- chmorgan/esp-libhelix-mp3
- espressif/cjson
- espressif/dl_fft
- espressif/esp-dsp
- espressif/esp_audio_codec
- espressif/esp_lvgl_port
- espressif/esp_websocket_client
- idf
- lvgl/lvgl
manifest_hash: c70b7cdd69dddd134fc056cc7fdb0a007ba5a6021d0e587e23418020a26a4cab
target: esp32s3
version: 2.0.0
